
Microsoft Visual Studio Solution File, Format Version 12.00
# Visual Studio Version 17
VisualStudioVersion = 17.1.32407.343
MinimumVisualStudioVersion = 10.0.40219.1
Project("{FAE04EC0-301F-11D3-BF4B-00C04F79EFBC}") = "LibraryManagementSystem", "LibraryManagementSystem.csproj", "{83636A31-B3D8-41A1-84DF-18CE2AF04DF6}"
EndProject
Global
	GlobalSection(SolutionConfigurationPlatforms) = preSolution
		Debug|Any CPU = Debug|Any CPU
		Release|Any CPU = Release|Any CPU
	EndGlobalSection
	GlobalSection(ProjectConfigurationPlatforms) = postSolution
		{83636A31-B3D8-41A1-84DF-18CE2AF04DF6}.Debug|Any CPU.ActiveCfg = Debug|Any CPU
		{83636A31-B3D8-41A1-84DF-18CE2AF04DF6}.Debug|Any CPU.Build.0 = Debug|Any CPU
		{83636A31-B3D8-41A1-84DF-18CE2AF04DF6}.Release|Any CPU.ActiveCfg = Release|Any CPU
		{83636A31-B3D8-41A1-84DF-18CE2AF04DF6}.Release|Any CPU.Build.0 = Release|Any CPU
	EndGlobalSection
	GlobalSection(SolutionProperties) = preSolution
		HideSolutionNode = FALSE
	EndGlobalSection
	GlobalSection(ExtensibilityGlobals) = postSolution
		SolutionGuid = {9812DEE6-1E65-436C-B47D-82F3C7FA7D07}
	EndGlobalSection
EndGlobal
